
Microsoft Visual Studio Solution File, Format Version 12.00
# Visual Studio Version 16
VisualStudioVersion = 16.0.31729.503
MinimumVisualStudioVersion = 10.0.40219.1
Project("{FAE04EC0-301F-11D3-BF4B-00C04F79EFBC}") = "Battleships", "Battleships.csproj", "{87E8F9BF-71B9-4BF6-A03B-AF976519DDCC}"
EndProject
Global
	GlobalSection(SolutionConfigurationPlatforms) = preSolution
		Debug|Any CPU = Debug|Any CPU
		Release|Any CPU = Release|Any CPU
	EndGlobalSection
	GlobalSection(ProjectConfigurationPlatforms) = postSolution
		{87E8F9BF-71B9-4BF6-A03B-AF976519DDCC}.Debug|Any CPU.ActiveCfg = Debug|Any CPU
		{87E8F9BF-71B9-4BF6-A03B-AF976519DDCC}.Debug|Any CPU.Build.0 = Debug|Any CPU
		{87E8F9BF-71B9-4BF6-A03B-AF976519DDCC}.Release|Any CPU.ActiveCfg = Release|Any CPU
		{87E8F9BF-71B9-4BF6-A03B-AF976519DDCC}.Release|Any CPU.Build.0 = Release|Any CPU
	EndGlobalSection
	GlobalSection(SolutionProperties) = preSolution
		HideSolutionNode = FALSE
	EndGlobalSection
	GlobalSection(ExtensibilityGlobals) = postSolution
		SolutionGuid = {61F98CF9-ECA7-4A02-BBA5-88B066F56484}
	EndGlobalSection
EndGlobal
